
Microsoft Visual Studio Solution File, Format Version 11.00
# Visual Studio 2010
Project("{FAE04EC0-301F-11D3-BF4B-00C04F79EFBC}") = "PixTrackAuto", "PixTrackAuto\PixTrackAuto.csproj", "{8ADA2C64-29A1-4543-99A8-BC80B6BC88C7}"
EndProject
Global
	GlobalSection(SolutionConfigurationPlatforms) = preSolution
		Debug|x86 = Debug|x86
		Release|x86 = Release|x86
	EndGlobalSection
	GlobalSection(ProjectConfigurationPlatforms) = postSolution
		{8ADA2C64-29A1-4543-99A8-BC80B6BC88C7}.Debug|x86.ActiveCfg = Debug|x86
		{8ADA2C64-29A1-4543-99A8-BC80B6BC88C7}.Debug|x86.Build.0 = Debug|x86
		{8ADA2C64-29A1-4543-99A8-BC80B6BC88C7}.Release|x86.ActiveCfg = Release|x86
		{8ADA2C64-29A1-4543-99A8-BC80B6BC88C7}.Release|x86.Build.0 = Release|x86
	EndGlobalSection
	GlobalSection(SolutionProperties) = preSolution
		HideSolutionNode = FALSE
	EndGlobalSection
EndGlobal
